Microsoft Visual Studio Solution File, Format Version 12.00
# Visual Studio 15
VisualStudioVersion = 15.0.27130.2010
MinimumVisualStudioVersion = 10.0.40219.1
Project("{2150E333-8FDC-42A3-9474-1A3956D46DE8}") = "Solution Items", "Solution Items", "{6DE0AA68-F375-4C8C-B207-141BF71DF96F}"
	ProjectSection(SolutionItems) = preProject
		appveyor.yml = appveyor.yml
		CHANGELOG.md = CHANGELOG.md
		CONTRIBUTING.md = CONTRIBUTING.md
		ISSUE_TEMPLATE.md = ISSUE_TEMPLATE.md
		LICENSE = LICENSE
		readme.md = readme.md
	EndProjectSection
EndProject
Project("{2150E333-8FDC-42A3-9474-1A3956D46DE8}") = "src", "src", "{353CE3AB-3D8F-4859-9B2B-75BAC7BC2359}"
	ProjectSection(SolutionItems) = preProject
		src\Zenseless.nuspec = src\Zenseless.nuspec
		src\Zenseless.Sources.nuspec = src\Zenseless.Sources.nuspec
	EndProjectSection
EndProject
Project("{FAE04EC0-301F-11D3-BF4B-00C04F79EFBC}") = "Zenseless.Base", "src\Zenseless.Base\Zenseless.Base.csproj", "{E5FF60A4-46FB-42D2-9430-BC523315C2E0}"
EndProject
Project("{FAE04EC0-301F-11D3-BF4B-00C04F79EFBC}") = "Zenseless.Geometry", "src\Zenseless.Geometry\Zenseless.Geometry.csproj", "{B37B7DDE-435B-4F27-9A9B-9B6DF8744EBE}"
EndProject
Project("{FAE04EC0-301F-11D3-BF4B-00C04F79EFBC}") = "Zenseless.OpenGL", "src\Zenseless.OpenGL\Zenseless.OpenGL.csproj", "{C660F6AF-C100-4169-A9FB-61E1EBE87F34}"
EndProject
Project("{FAE04EC0-301F-11D3-BF4B-00C04F79EFBC}") = "Zenseless.Sound", "src\Zenseless.Sound\Zenseless.Sound.csproj", "{78A88806-AD96-4821-B9AD-8FC060F6FEB6}"
EndProject
Project("{FAE04EC0-301F-11D3-BF4B-00C04F79EFBC}") = "Zenseless.ShaderDebugging", "src\Zenseless.ShaderDebugging\Zenseless.ShaderDebugging.csproj", "{3C8BCF2C-1019-4A8D-B986-AFD6BB80E917}"
EndProject
Project("{FAE04EC0-301F-11D3-BF4B-00C04F79EFBC}") = "Zenseless.Application", "src\Zenseless.Application\Zenseless.Application.csproj", "{911C6DFF-BE3E-4EA5-ADF2-A363DF797F23}"
EndProject
Project("{FAE04EC0-301F-11D3-BF4B-00C04F79EFBC}") = "Zenseless.HLGL", "src\Zenseless.HLGL\Zenseless.HLGL.csproj", "{227D6BE1-BA08-4030-A755-07288540931F}"
EndProject
Project("{2150E333-8FDC-42A3-9474-1A3956D46DE8}") = "Test", "Test", "{BEE08292-7C95-44EC-B228-44ED81C09610}"
EndProject
Project("{FAE04EC0-301F-11D3-BF4B-00C04F79EFBC}") = "Zenseless.Geometry.Tests", "Test\Zenseless.Geometry.Tests\Zenseless.Geometry.Tests.csproj", "{DF096E15-AA81-4FFD-B360-2B12E812BF26}"
EndProject
Project("{FAE04EC0-301F-11D3-BF4B-00C04F79EFBC}") = "Zenseless.OpenGL.Tests", "Test\Zenseless.OpenGL.Tests\Zenseless.OpenGL.Tests.csproj", "{87F3A725-6AF4-41F7-AA58-CACD9E23D6D9}"
EndProject
Project("{FAE04EC0-301F-11D3-BF4B-00C04F79EFBC}") = "Zenseless.HLGL.Tests", "Test\Zenseless.HLGL.Tests\Zenseless.HLGL.Tests.csproj", "{2F1AE477-5B19-4E8D-A70E-B1B74F57560C}"
EndProject
Global
	GlobalSection(SolutionConfigurationPlatforms) = preSolution
		Debug|Any CPU = Debug|Any CPU
		Release|Any CPU = Release|Any CPU
	EndGlobalSection
	GlobalSection(ProjectConfigurationPlatforms) = postSolution
		{E5FF60A4-46FB-42D2-9430-BC523315C2E0}.Debug|Any CPU.ActiveCfg = Debug|Any CPU
		{E5FF60A4-46FB-42D2-9430-BC523315C2E0}.Debug|Any CPU.Build.0 = Debug|Any CPU
		{E5FF60A4-46FB-42D2-9430-BC523315C2E0}.Release|Any CPU.ActiveCfg = Release|Any CPU
		{E5FF60A4-46FB-42D2-9430-BC523315C2E0}.Release|Any CPU.Build.0 = Release|Any CPU
		{B37B7DDE-435B-4F27-9A9B-9B6DF8744EBE}.Debug|Any CPU.ActiveCfg = Debug|Any CPU
		{B37B7DDE-435B-4F27-9A9B-9B6DF8744EBE}.Debug|Any CPU.Build.0 = Debug|Any CPU
		{B37B7DDE-435B-4F27-9A9B-9B6DF8744EBE}.Release|Any CPU.ActiveCfg = Release|Any CPU
		{B37B7DDE-435B-4F27-9A9B-9B6DF8744EBE}.Release|Any CPU.Build.0 = Release|Any CPU
		{C660F6AF-C100-4169-A9FB-61E1EBE87F34}.Debug|Any CPU.ActiveCfg = Debug|Any CPU
		{C660F6AF-C100-4169-A9FB-61E1EBE87F34}.Debug|Any CPU.Build.0 = Debug|Any CPU
		{C660F6AF-C100-4169-A9FB-61E1EBE87F34}.Release|Any CPU.ActiveCfg = Release|Any CPU
		{C660F6AF-C100-4169-A9FB-61E1EBE87F34}.Release|Any CPU.Build.0 = Release|Any CPU
		{78A88806-AD96-4821-B9AD-8FC060F6FEB6}.Debug|Any CPU.ActiveCfg = Debug|Any CPU
		{78A88806-AD96-4821-B9AD-8FC060F6FEB6}.Debug|Any CPU.Build.0 = Debug|Any CPU
		{78A88806-AD96-4821-B9AD-8FC060F6FEB6}.Release|Any CPU.ActiveCfg = Release|Any CPU
		{78A88806-AD96-4821-B9AD-8FC060F6FEB6}.Release|Any CPU.Build.0 = Release|Any CPU
		{3C8BCF2C-1019-4A8D-B986-AFD6BB80E917}.Debug|Any CPU.ActiveCfg = Debug|Any CPU
		{3C8BCF2C-1019-4A8D-B986-AFD6BB80E917}.Debug|Any CPU.Build.0 = Debug|Any CPU
		{3C8BCF2C-1019-4A8D-B986-AFD6BB80E917}.Release|Any CPU.ActiveCfg = Release|Any CPU
		{3C8BCF2C-1019-4A8D-B986-AFD6BB80E917}.Release|Any CPU.Build.0 = Release|Any CPU
		{C5D22AE1-27EB-40C0-B483-D583EF036CD6}.Debug|Any CPU.ActiveCfg = Debug|Any CPU
		{C5D22AE1-27EB-40C0-B483-D583EF036CD6}.Debug|Any CPU.Build.0 = Debug|Any CPU
		{C5D22AE1-27EB-40C0-B483-D583EF036CD6}.Release|Any CPU.ActiveCfg = Release|Any CPU
		{C5D22AE1-27EB-40C0-B483-D583EF036CD6}.Release|Any CPU.Build.0 = Release|Any CPU
		{4C2306E3-01BB-4A6F-9630-73E36A2BA57A}.Debug|Any CPU.ActiveCfg = Debug|Any CPU
		{4C2306E3-01BB-4A6F-9630-73E36A2BA57A}.Debug|Any CPU.Build.0 = Debug|Any CPU
		{4C2306E3-01BB-4A6F-9630-73E36A2BA57A}.Release|Any CPU.ActiveCfg = Release|Any CPU
		{4C2306E3-01BB-4A6F-9630-73E36A2BA57A}.Release|Any CPU.Build.0 = Release|Any CPU
		{C5389961-2C98-4528-AFF3-99D287C62D4A}.Debug|Any CPU.ActiveCfg = Debug|Any CPU
		{C5389961-2C98-4528-AFF3-99D287C62D4A}.Debug|Any CPU.Build.0 = Debug|Any CPU
		{C5389961-2C98-4528-AFF3-99D287C62D4A}.Release|Any CPU.ActiveCfg = Release|Any CPU
		{C5389961-2C98-4528-AFF3-99D287C62D4A}.Release|Any CPU.Build.0 = Release|Any CPU
		{CEF63B7C-D944-4EAA-8FCA-45C8160F3711}.Debug|Any CPU.ActiveCfg = Debug|Any CPU
		{CEF63B7C-D944-4EAA-8FCA-45C8160F3711}.Debug|Any CPU.Build.0 = Debug|Any CPU
		{CEF63B7C-D944-4EAA-8FCA-45C8160F3711}.Release|Any CPU.ActiveCfg = Release|Any CPU
		{CEF63B7C-D944-4EAA-8FCA-45C8160F3711}.Release|Any CPU.Build.0 = Release|Any CPU
		{F532D63E-3438-452D-8180-4F493980754E}.Debug|Any CPU.ActiveCfg = Debug|Any CPU
		{F532D63E-3438-452D-8180-4F493980754E}.Debug|Any CPU.Build.0 = Debug|Any CPU
		{F532D63E-3438-452D-8180-4F493980754E}.Release|Any CPU.ActiveCfg = Release|Any CPU
		{F532D63E-3438-452D-8180-4F493980754E}.Release|Any CPU.Build.0 = Release|Any CPU
		{2CE388DE-0183-4C2C-A6A9-586302FCF929}.Debug|Any CPU.ActiveCfg = Debug|Any CPU
		{2CE388DE-0183-4C2C-A6A9-586302FCF929}.Debug|Any CPU.Build.0 = Debug|Any CPU
		{2CE388DE-0183-4C2C-A6A9-586302FCF929}.Release|Any CPU.ActiveCfg = Release|Any CPU
		{2CE388DE-0183-4C2C-A6A9-586302FCF929}.Release|Any CPU.Build.0 = Release|Any CPU
		{A4ED5B7A-C3CA-4E53-A5C3-61A5D81F5188}.Debug|Any CPU.ActiveCfg = Debug|Any CPU
		{A4ED5B7A-C3CA-4E53-A5C3-61A5D81F5188}.Debug|Any CPU.Build.0 = Debug|Any CPU
		{A4ED5B7A-C3CA-4E53-A5C3-61A5D81F5188}.Release|Any CPU.ActiveCfg = Release|Any CPU
		{A4ED5B7A-C3CA-4E53-A5C3-61A5D81F5188}.Release|Any CPU.Build.0 = Release|Any CPU
		{EFF9EC28-4D8D-424B-A244-56BB351D9EF0}.Debug|Any CPU.ActiveCfg = Debug|Any CPU
		{EFF9EC28-4D8D-424B-A244-56BB351D9EF0}.Debug|Any CPU.Build.0 = Debug|Any CPU
		{EFF9EC28-4D8D-424B-A244-56BB351D9EF0}.Release|Any CPU.ActiveCfg = Release|Any CPU
		{EFF9EC28-4D8D-424B-A244-56BB351D9EF0}.Release|Any CPU.Build.0 = Release|Any CPU
		{2415A5B0-6C43-4519-B2CA-A8B4A35394C2}.Debug|Any CPU.ActiveCfg = Debug|Any CPU
		{2415A5B0-6C43-4519-B2CA-A8B4A35394C2}.Debug|Any CPU.Build.0 = Debug|Any CPU
		{2415A5B0-6C43-4519-B2CA-A8B4A35394C2}.Release|Any CPU.ActiveCfg = Release|Any CPU
		{2415A5B0-6C43-4519-B2CA-A8B4A35394C2}.Release|Any CPU.Build.0 = Release|Any CPU
		{A01502AC-3DF4-40A9-971C-53F694378CB8}.Debug|Any CPU.ActiveCfg = Debug|Any CPU
		{A01502AC-3DF4-40A9-971C-53F694378CB8}.Debug|Any CPU.Build.0 = Debug|Any CPU
		{A01502AC-3DF4-40A9-971C-53F694378CB8}.Release|Any CPU.ActiveCfg = Release|Any CPU
		{A01502AC-3DF4-40A9-971C-53F694378CB8}.Release|Any CPU.Build.0 = Release|Any CPU
		{D2E19210-80D1-4F07-8E9D-5205F18B0B26}.Debug|Any CPU.ActiveCfg = Debug|Any CPU
		{D2E19210-80D1-4F07-8E9D-5205F18B0B26}.Debug|Any CPU.Build.0 = Debug|Any CPU
		{D2E19210-80D1-4F07-8E9D-5205F18B0B26}.Release|Any CPU.ActiveCfg = Release|Any CPU
		{D2E19210-80D1-4F07-8E9D-5205F18B0B26}.Release|Any CPU.Build.0 = Release|Any CPU
		{EA0EE733-BCA5-4AA1-BD9B-186D9D18228F}.Debug|Any CPU.ActiveCfg = Debug|Any CPU
		{EA0EE733-BCA5-4AA1-BD9B-186D9D18228F}.Debug|Any CPU.Build.0 = Debug|Any CPU
		{EA0EE733-BCA5-4AA1-BD9B-186D9D18228F}.Release|Any CPU.ActiveCfg = Release|Any CPU
		{EA0EE733-BCA5-4AA1-BD9B-186D9D18228F}.Release|Any CPU.Build.0 = Release|Any CPU
		{47D435BB-0619-4CDE-93A2-7ACE1FDF47FC}.Debug|Any CPU.ActiveCfg = Debug|Any CPU
		{47D435BB-0619-4CDE-93A2-7ACE1FDF47FC}.Debug|Any CPU.Build.0 = Debug|Any CPU
		{47D435BB-0619-4CDE-93A2-7ACE1FDF47FC}.Release|Any CPU.ActiveCfg = Release|Any CPU
		{47D435BB-0619-4CDE-93A2-7ACE1FDF47FC}.Release|Any CPU.Build.0 = Release|Any CPU
		{87EF004B-71CC-4747-8943-D1C7AB667550}.Debug|Any CPU.ActiveCfg = Debug|Any CPU
		{87EF004B-71CC-4747-8943-D1C7AB667550}.Debug|Any CPU.Build.0 = Debug|Any CPU
		{87EF004B-71CC-4747-8943-D1C7AB667550}.Release|Any CPU.ActiveCfg = Release|Any CPU
		{87EF004B-71CC-4747-8943-D1C7AB667550}.Release|Any CPU.Build.0 = Release|Any CPU
		{79E142ED-CDA0-4AB7-AE97-000775E82ED5}.Debug|Any CPU.ActiveCfg = Debug|Any CPU
		{79E142ED-CDA0-4AB7-AE97-000775E82ED5}.Debug|Any CPU.Build.0 = Debug|Any CPU
		{79E142ED-CDA0-4AB7-AE97-000775E82ED5}.Release|Any CPU.ActiveCfg = Release|Any CPU
		{79E142ED-CDA0-4AB7-AE97-000775E82ED5}.Release|Any CPU.Build.0 = Release|Any CPU
		{C03AB561-606A-4815-B90A-78BCA1D48B64}.Debug|Any CPU.ActiveCfg = Debug|Any CPU
		{C03AB561-606A-4815-B90A-78BCA1D48B64}.Debug|Any CPU.Build.0 = Debug|Any CPU
		{C03AB561-606A-4815-B90A-78BCA1D48B64}.Release|Any CPU.ActiveCfg = Release|Any CPU
		{C03AB561-606A-4815-B90A-78BCA1D48B64}.Release|Any CPU.Build.0 = Release|Any CPU
		{A5A5F2D5-E05C-43CF-9F9D-4B5B9FFDCF13}.Debug|Any CPU.ActiveCfg = Debug|Any CPU
		{A5A5F2D5-E05C-43CF-9F9D-4B5B9FFDCF13}.Debug|Any CPU.Build.0 = Debug|Any CPU
		{A5A5F2D5-E05C-43CF-9F9D-4B5B9FFDCF13}.Release|Any CPU.ActiveCfg = Release|Any CPU
		{A5A5F2D5-E05C-43CF-9F9D-4B5B9FFDCF13}.Release|Any CPU.Build.0 = Release|Any CPU
		{F059451F-42CF-44E2-88D8-1DBE869D8256}.Debug|Any CPU.ActiveCfg = Debug|Any CPU
		{F059451F-42CF-44E2-88D8-1DBE869D8256}.Debug|Any CPU.Build.0 = Debug|Any CPU
		{F059451F-42CF-44E2-88D8-1DBE869D8256}.Release|Any CPU.ActiveCfg = Release|Any CPU
		{F059451F-42CF-44E2-88D8-1DBE869D8256}.Release|Any CPU.Build.0 = Release|Any CPU
		{942A82B6-C939-4C63-903C-4E55C73DFA63}.Debug|Any CPU.ActiveCfg = Debug|Any CPU
		{942A82B6-C939-4C63-903C-4E55C73DFA63}.Debug|Any CPU.Build.0 = Debug|Any CPU
		{942A82B6-C939-4C63-903C-4E55C73DFA63}.Release|Any CPU.ActiveCfg = Release|Any CPU
		{942A82B6-C939-4C63-903C-4E55C73DFA63}.Release|Any CPU.Build.0 = Release|Any CPU
		{90FAED92-075D-48A0-BD9D-601F57637F45}.Debug|Any CPU.ActiveCfg = Debug|Any CPU
		{90FAED92-075D-48A0-BD9D-601F57637F45}.Debug|Any CPU.Build.0 = Debug|Any CPU
		{90FAED92-075D-48A0-BD9D-601F57637F45}.Release|Any CPU.ActiveCfg = Release|Any CPU
		{90FAED92-075D-48A0-BD9D-601F57637F45}.Release|Any CPU.Build.0 = Release|Any CPU
		{FF1AA9A2-D928-4F56-B49F-11FD1D632D22}.Debug|Any CPU.ActiveCfg = Debug|Any CPU
		{FF1AA9A2-D928-4F56-B49F-11FD1D632D22}.Debug|Any CPU.Build.0 = Debug|Any CPU
		{FF1AA9A2-D928-4F56-B49F-11FD1D632D22}.Release|Any CPU.ActiveCfg = Release|Any CPU
		{FF1AA9A2-D928-4F56-B49F-11FD1D632D22}.Release|Any CPU.Build.0 = Release|Any CPU
		{38149468-A074-4408-8684-B06F7176B3F6}.Debug|Any CPU.ActiveCfg = Debug|Any CPU
		{38149468-A074-4408-8684-B06F7176B3F6}.Debug|Any CPU.Build.0 = Debug|Any CPU
		{38149468-A074-4408-8684-B06F7176B3F6}.Release|Any CPU.ActiveCfg = Release|Any CPU
		{38149468-A074-4408-8684-B06F7176B3F6}.Release|Any CPU.Build.0 = Release|Any CPU
		{1E28B48E-DED7-4184-A449-B1D8C8C489EA}.Debug|Any CPU.ActiveCfg = Debug|Any CPU
		{1E28B48E-DED7-4184-A449-B1D8C8C489EA}.Debug|Any CPU.Build.0 = Debug|Any CPU
		{1E28B48E-DED7-4184-A449-B1D8C8C489EA}.Release|Any CPU.ActiveCfg = Release|Any CPU
		{1E28B48E-DED7-4184-A449-B1D8C8C489EA}.Release|Any CPU.Build.0 = Release|Any CPU
		{0CC80831-18A6-4921-BB1A-B0230F268A22}.Debug|Any CPU.ActiveCfg = Debug|Any CPU
		{0CC80831-18A6-4921-BB1A-B0230F268A22}.Debug|Any CPU.Build.0 = Debug|Any CPU
		{0CC80831-18A6-4921-BB1A-B0230F268A22}.Release|Any CPU.ActiveCfg = Release|Any CPU
		{0CC80831-18A6-4921-BB1A-B0230F268A22}.Release|Any CPU.Build.0 = Release|Any CPU
		{013D4176-6166-426A-94FF-85DEA2084286}.Debug|Any CPU.ActiveCfg = Debug|Any CPU
		{013D4176-6166-426A-94FF-85DEA2084286}.Debug|Any CPU.Build.0 = Debug|Any CPU
		{013D4176-6166-426A-94FF-85DEA2084286}.Release|Any CPU.ActiveCfg = Release|Any CPU
		{013D4176-6166-426A-94FF-85DEA2084286}.Release|Any CPU.Build.0 = Release|Any CPU
		{5CD75BBF-DB84-4509-80F6-8DB1F11A666F}.Debug|Any CPU.ActiveCfg = Debug|Any CPU
		{5CD75BBF-DB84-4509-80F6-8DB1F11A666F}.Debug|Any CPU.Build.0 = Debug|Any CPU
		{5CD75BBF-DB84-4509-80F6-8DB1F11A666F}.Release|Any CPU.ActiveCfg = Release|Any CPU
		{5CD75BBF-DB84-4509-80F6-8DB1F11A666F}.Release|Any CPU.Build.0 = Release|Any CPU
		{820C2DB6-1D61-41CF-B420-A748ADA009DC}.Debug|Any CPU.ActiveCfg = Debug|Any CPU
		{820C2DB6-1D61-41CF-B420-A748ADA009DC}.Debug|Any CPU.Build.0 = Debug|Any CPU
		{820C2DB6-1D61-41CF-B420-A748ADA009DC}.Release|Any CPU.ActiveCfg = Release|Any CPU
		{820C2DB6-1D61-41CF-B420-A748ADA009DC}.Release|Any CPU.Build.0 = Release|Any CPU
		{3F964DED-9DF1-4350-9C56-220D5AACCBAE}.Debug|Any CPU.ActiveCfg = Debug|Any CPU
		{3F964DED-9DF1-4350-9C56-220D5AACCBAE}.Debug|Any CPU.Build.0 = Debug|Any CPU
		{3F964DED-9DF1-4350-9C56-220D5AACCBAE}.Release|Any CPU.ActiveCfg = Release|Any CPU
		{3F964DED-9DF1-4350-9C56-220D5AACCBAE}.Release|Any CPU.Build.0 = Release|Any CPU
		{D1EBA24E-C135-4AF4-9802-D6EEBEEC2656}.Debug|Any CPU.ActiveCfg = Debug|Any CPU
		{D1EBA24E-C135-4AF4-9802-D6EEBEEC2656}.Debug|Any CPU.Build.0 = Debug|Any CPU
		{D1EBA24E-C135-4AF4-9802-D6EEBEEC2656}.Release|Any CPU.ActiveCfg = Release|Any CPU
		{D1EBA24E-C135-4AF4-9802-D6EEBEEC2656}.Release|Any CPU.Build.0 = Release|Any CPU
		{1995505D-5179-43C0-A122-BB51D8F5EEA6}.Debug|Any CPU.ActiveCfg = Debug|Any CPU
		{1995505D-5179-43C0-A122-BB51D8F5EEA6}.Debug|Any CPU.Build.0 = Debug|Any CPU
		{1995505D-5179-43C0-A122-BB51D8F5EEA6}.Release|Any CPU.ActiveCfg = Release|Any CPU
		{1995505D-5179-43C0-A122-BB51D8F5EEA6}.Release|Any CPU.Build.0 = Release|Any CPU
		{4F8B145D-AD8A-43CB-B706-569F0B80C1E9}.Debug|Any CPU.ActiveCfg = Debug|Any CPU
		{4F8B145D-AD8A-43CB-B706-569F0B80C1E9}.Debug|Any CPU.Build.0 = Debug|Any CPU
		{4F8B145D-AD8A-43CB-B706-569F0B80C1E9}.Release|Any CPU.ActiveCfg = Release|Any CPU
		{4F8B145D-AD8A-43CB-B706-569F0B80C1E9}.Release|Any CPU.Build.0 = Release|Any CPU
		{ADFE07A0-D2B7-42A7-8DDC-C0F1D441ACC1}.Debug|Any CPU.ActiveCfg = Debug|Any CPU
		{ADFE07A0-D2B7-42A7-8DDC-C0F1D441ACC1}.Debug|Any CPU.Build.0 = Debug|Any CPU
		{ADFE07A0-D2B7-42A7-8DDC-C0F1D441ACC1}.Release|Any CPU.ActiveCfg = Release|Any CPU
		{ADFE07A0-D2B7-42A7-8DDC-C0F1D441ACC1}.Release|Any CPU.Build.0 = Release|Any CPU
		{5CE8B95A-A23E-49D0-BF5D-879472F6E7FC}.Debug|Any CPU.ActiveCfg = Debug|Any CPU
		{5CE8B95A-A23E-49D0-BF5D-879472F6E7FC}.Debug|Any CPU.Build.0 = Debug|Any CPU
		{5CE8B95A-A23E-49D0-BF5D-879472F6E7FC}.Release|Any CPU.ActiveCfg = Release|Any CPU
		{5CE8B95A-A23E-49D0-BF5D-879472F6E7FC}.Release|Any CPU.Build.0 = Release|Any CPU
		{F3FE3B20-36C7-4221-A2ED-EEDA4887E1E4}.Debug|Any CPU.ActiveCfg = Debug|Any CPU
		{F3FE3B20-36C7-4221-A2ED-EEDA4887E1E4}.Debug|Any CPU.Build.0 = Debug|Any CPU
		{F3FE3B20-36C7-4221-A2ED-EEDA4887E1E4}.Release|Any CPU.ActiveCfg = Release|Any CPU
		{F3FE3B20-36C7-4221-A2ED-EEDA4887E1E4}.Release|Any CPU.Build.0 = Release|Any CPU
		{71732F14-6930-4F72-9922-DB76298C1979}.Debug|Any CPU.ActiveCfg = Debug|Any CPU
		{71732F14-6930-4F72-9922-DB76298C1979}.Debug|Any CPU.Build.0 = Debug|Any CPU
		{71732F14-6930-4F72-9922-DB76298C1979}.Release|Any CPU.ActiveCfg = Release|Any CPU
		{71732F14-6930-4F72-9922-DB76298C1979}.Release|Any CPU.Build.0 = Release|Any CPU
		{0D198482-14CC-4FBA-BDF5-8B1633D4E5A4}.Debug|Any CPU.ActiveCfg = Debug|Any CPU
		{0D198482-14CC-4FBA-BDF5-8B1633D4E5A4}.Debug|Any CPU.Build.0 = Debug|Any CPU
		{0D198482-14CC-4FBA-BDF5-8B1633D4E5A4}.Release|Any CPU.ActiveCfg = Release|Any CPU
		{0D198482-14CC-4FBA-BDF5-8B1633D4E5A4}.Release|Any CPU.Build.0 = Release|Any CPU
		{B477FA61-3ABE-43EC-B785-2306975C65B1}.Debug|Any CPU.ActiveCfg = Debug|Any CPU
		{B477FA61-3ABE-43EC-B785-2306975C65B1}.Debug|Any CPU.Build.0 = Debug|Any CPU
		{B477FA61-3ABE-43EC-B785-2306975C65B1}.Release|Any CPU.ActiveCfg = Release|Any CPU
		{B477FA61-3ABE-43EC-B785-2306975C65B1}.Release|Any CPU.Build.0 = Release|Any CPU
		{FC0DCE57-DE47-494B-9CA8-FE2756C300D9}.Debug|Any CPU.ActiveCfg = Debug|Any CPU
		{FC0DCE57-DE47-494B-9CA8-FE2756C300D9}.Debug|Any CPU.Build.0 = Debug|Any CPU
		{FC0DCE57-DE47-494B-9CA8-FE2756C300D9}.Release|Any CPU.ActiveCfg = Release|Any CPU
		{FC0DCE57-DE47-494B-9CA8-FE2756C300D9}.Release|Any CPU.Build.0 = Release|Any CPU
		{5E1DD531-7FAD-4FA1-BB74-A45566A34346}.Debug|Any CPU.ActiveCfg = Debug|Any CPU
		{5E1DD531-7FAD-4FA1-BB74-A45566A34346}.Debug|Any CPU.Build.0 = Debug|Any CPU
		{5E1DD531-7FAD-4FA1-BB74-A45566A34346}.Release|Any CPU.ActiveCfg = Release|Any CPU
		{5E1DD531-7FAD-4FA1-BB74-A45566A34346}.Release|Any CPU.Build.0 = Release|Any CPU
		{BB3EDC45-39BC-44EE-9DEF-B56B54D9572F}.Debug|Any CPU.ActiveCfg = Debug|Any CPU
		{BB3EDC45-39BC-44EE-9DEF-B56B54D9572F}.Debug|Any CPU.Build.0 = Debug|Any CPU
		{BB3EDC45-39BC-44EE-9DEF-B56B54D9572F}.Release|Any CPU.ActiveCfg = Release|Any CPU
		{BB3EDC45-39BC-44EE-9DEF-B56B54D9572F}.Release|Any CPU.Build.0 = Release|Any CPU
		{C9043719-1776-48D3-9515-5370F1508C48}.Debug|Any CPU.ActiveCfg = Debug|Any CPU
		{C9043719-1776-48D3-9515-5370F1508C48}.Debug|Any CPU.Build.0 = Debug|Any CPU
		{C9043719-1776-48D3-9515-5370F1508C48}.Release|Any CPU.ActiveCfg = Release|Any CPU
		{C9043719-1776-48D3-9515-5370F1508C48}.Release|Any CPU.Build.0 = Release|Any CPU
		{94C18A12-1467-45DC-9F68-8F8C1C9FFCE5}.Debug|Any CPU.ActiveCfg = Debug|Any CPU
		{94C18A12-1467-45DC-9F68-8F8C1C9FFCE5}.Debug|Any CPU.Build.0 = Debug|Any CPU
		{94C18A12-1467-45DC-9F68-8F8C1C9FFCE5}.Release|Any CPU.ActiveCfg = Release|Any CPU
		{94C18A12-1467-45DC-9F68-8F8C1C9FFCE5}.Release|Any CPU.Build.0 = Release|Any CPU
		{E57F526F-FBB2-4C28-8B78-AB1BAC86E26E}.Debug|Any CPU.ActiveCfg = Debug|Any CPU
		{E57F526F-FBB2-4C28-8B78-AB1BAC86E26E}.Debug|Any CPU.Build.0 = Debug|Any CPU
		{E57F526F-FBB2-4C28-8B78-AB1BAC86E26E}.Release|Any CPU.ActiveCfg = Release|Any CPU
		{E57F526F-FBB2-4C28-8B78-AB1BAC86E26E}.Release|Any CPU.Build.0 = Release|Any CPU
		{93522A71-576A-4C95-BF4B-A4D1EE173635}.Debug|Any CPU.ActiveCfg = Debug|Any CPU
		{93522A71-576A-4C95-BF4B-A4D1EE173635}.Debug|Any CPU.Build.0 = Debug|Any CPU
		{93522A71-576A-4C95-BF4B-A4D1EE173635}.Release|Any CPU.ActiveCfg = Release|Any CPU
		{93522A71-576A-4C95-BF4B-A4D1EE173635}.Release|Any CPU.Build.0 = Release|Any CPU
		{AB2FC8A2-9741-42B7-9170-D713B5125D78}.Debug|Any CPU.ActiveCfg = Debug|Any CPU
		{AB2FC8A2-9741-42B7-9170-D713B5125D78}.Debug|Any CPU.Build.0 = Debug|Any CPU
		{AB2FC8A2-9741-42B7-9170-D713B5125D78}.Release|Any CPU.ActiveCfg = Release|Any CPU
		{AB2FC8A2-9741-42B7-9170-D713B5125D78}.Release|Any CPU.Build.0 = Release|Any CPU
		{3F29DE75-E5F8-4FC8-91AD-D332B1816EC7}.Debug|Any CPU.ActiveCfg = Debug|Any CPU
		{3F29DE75-E5F8-4FC8-91AD-D332B1816EC7}.Debug|Any CPU.Build.0 = Debug|Any CPU
		{3F29DE75-E5F8-4FC8-91AD-D332B1816EC7}.Release|Any CPU.ActiveCfg = Release|Any CPU
		{3F29DE75-E5F8-4FC8-91AD-D332B1816EC7}.Release|Any CPU.Build.0 = Release|Any CPU
		{54E36986-D3B2-45AD-949D-AF58EF41852B}.Debug|Any CPU.ActiveCfg = Debug|Any CPU
		{54E36986-D3B2-45AD-949D-AF58EF41852B}.Debug|Any CPU.Build.0 = Debug|Any CPU
		{54E36986-D3B2-45AD-949D-AF58EF41852B}.Release|Any CPU.ActiveCfg = Release|Any CPU
		{54E36986-D3B2-45AD-949D-AF58EF41852B}.Release|Any CPU.Build.0 = Release|Any CPU
		{7D52CCA1-5FC3-4EF5-820A-9B8982DBE928}.Debug|Any CPU.ActiveCfg = Debug|Any CPU
		{7D52CCA1-5FC3-4EF5-820A-9B8982DBE928}.Debug|Any CPU.Build.0 = Debug|Any CPU
		{7D52CCA1-5FC3-4EF5-820A-9B8982DBE928}.Release|Any CPU.ActiveCfg = Release|Any CPU
		{7D52CCA1-5FC3-4EF5-820A-9B8982DBE928}.Release|Any CPU.Build.0 = Release|Any CPU
		{1A07B025-F381-4503-823C-F1885E202D0B}.Debug|Any CPU.ActiveCfg = Debug|Any CPU
		{1A07B025-F381-4503-823C-F1885E202D0B}.Debug|Any CPU.Build.0 = Debug|Any CPU
		{1A07B025-F381-4503-823C-F1885E202D0B}.Release|Any CPU.ActiveCfg = Release|Any CPU
		{1A07B025-F381-4503-823C-F1885E202D0B}.Release|Any CPU.Build.0 = Release|Any CPU
		{911C6DFF-BE3E-4EA5-ADF2-A363DF797F23}.Debug|Any CPU.ActiveCfg = Debug|Any CPU
		{911C6DFF-BE3E-4EA5-ADF2-A363DF797F23}.Debug|Any CPU.Build.0 = Debug|Any CPU
		{911C6DFF-BE3E-4EA5-ADF2-A363DF797F23}.Release|Any CPU.ActiveCfg = Release|Any CPU
		{911C6DFF-BE3E-4EA5-ADF2-A363DF797F23}.Release|Any CPU.Build.0 = Release|Any CPU
		{06D368A6-B600-4323-BDBC-EA5B9486C145}.Debug|Any CPU.ActiveCfg = Debug|Any CPU
		{06D368A6-B600-4323-BDBC-EA5B9486C145}.Debug|Any CPU.Build.0 = Debug|Any CPU
		{06D368A6-B600-4323-BDBC-EA5B9486C145}.Release|Any CPU.ActiveCfg = Release|Any CPU
		{06D368A6-B600-4323-BDBC-EA5B9486C145}.Release|Any CPU.Build.0 = Release|Any CPU
		{1F9BC86D-1D21-48F1-B41F-FE353D9E192B}.Debug|Any CPU.ActiveCfg = Debug|Any CPU
		{1F9BC86D-1D21-48F1-B41F-FE353D9E192B}.Debug|Any CPU.Build.0 = Debug|Any CPU
		{1F9BC86D-1D21-48F1-B41F-FE353D9E192B}.Release|Any CPU.ActiveCfg = Release|Any CPU
		{1F9BC86D-1D21-48F1-B41F-FE353D9E192B}.Release|Any CPU.Build.0 = Release|Any CPU
		{AAD72C15-8B30-4EF6-8BB4-4D54608ABE9C}.Debug|Any CPU.ActiveCfg = Debug|Any CPU
		{AAD72C15-8B30-4EF6-8BB4-4D54608ABE9C}.Debug|Any CPU.Build.0 = Debug|Any CPU
		{AAD72C15-8B30-4EF6-8BB4-4D54608ABE9C}.Release|Any CPU.ActiveCfg = Release|Any CPU
		{AAD72C15-8B30-4EF6-8BB4-4D54608ABE9C}.Release|Any CPU.Build.0 = Release|Any CPU
		{DAF8FFC9-D90C-4F1D-B361-85A4D1AA726D}.Debug|Any CPU.ActiveCfg = Debug|Any CPU
		{DAF8FFC9-D90C-4F1D-B361-85A4D1AA726D}.Debug|Any CPU.Build.0 = Debug|Any CPU
		{DAF8FFC9-D90C-4F1D-B361-85A4D1AA726D}.Release|Any CPU.ActiveCfg = Release|Any CPU
		{DAF8FFC9-D90C-4F1D-B361-85A4D1AA726D}.Release|Any CPU.Build.0 = Release|Any CPU
		{94203572-FD14-4E3D-85D3-7B7B486853E2}.Debug|Any CPU.ActiveCfg = Debug|Any CPU
		{94203572-FD14-4E3D-85D3-7B7B486853E2}.Debug|Any CPU.Build.0 = Debug|Any CPU
		{94203572-FD14-4E3D-85D3-7B7B486853E2}.Release|Any CPU.ActiveCfg = Release|Any CPU
		{94203572-FD14-4E3D-85D3-7B7B486853E2}.Release|Any CPU.Build.0 = Release|Any CPU
		{227D6BE1-BA08-4030-A755-07288540931F}.Debug|Any CPU.ActiveCfg = Debug|Any CPU
		{227D6BE1-BA08-4030-A755-07288540931F}.Debug|Any CPU.Build.0 = Debug|Any CPU
		{227D6BE1-BA08-4030-A755-07288540931F}.Release|Any CPU.ActiveCfg = Release|Any CPU
		{227D6BE1-BA08-4030-A755-07288540931F}.Release|Any CPU.Build.0 = Release|Any CPU
		{4A06C598-5CAE-4EFF-AE4E-086F8CA86FC3}.Debug|Any CPU.ActiveCfg = Debug|Any CPU
		{4A06C598-5CAE-4EFF-AE4E-086F8CA86FC3}.Debug|Any CPU.Build.0 = Debug|Any CPU
		{4A06C598-5CAE-4EFF-AE4E-086F8CA86FC3}.Release|Any CPU.ActiveCfg = Release|Any CPU
		{4A06C598-5CAE-4EFF-AE4E-086F8CA86FC3}.Release|Any CPU.Build.0 = Release|Any CPU
		{3E179B42-E1EF-41A4-804C-6EDBB06EC86C}.Debug|Any CPU.ActiveCfg = Debug|Any CPU
		{3E179B42-E1EF-41A4-804C-6EDBB06EC86C}.Debug|Any CPU.Build.0 = Debug|Any CPU
		{3E179B42-E1EF-41A4-804C-6EDBB06EC86C}.Release|Any CPU.ActiveCfg = Release|Any CPU
		{3E179B42-E1EF-41A4-804C-6EDBB06EC86C}.Release|Any CPU.Build.0 = Release|Any CPU
		{EF31CB77-8ECF-4C5E-80A0-B0123C1C8647}.Debug|Any CPU.ActiveCfg = Debug|Any CPU
		{EF31CB77-8ECF-4C5E-80A0-B0123C1C8647}.Debug|Any CPU.Build.0 = Debug|Any CPU
		{EF31CB77-8ECF-4C5E-80A0-B0123C1C8647}.Release|Any CPU.ActiveCfg = Release|Any CPU
		{EF31CB77-8ECF-4C5E-80A0-B0123C1C8647}.Release|Any CPU.Build.0 = Release|Any CPU
		{DF096E15-AA81-4FFD-B360-2B12E812BF26}.Debug|Any CPU.ActiveCfg = Debug|Any CPU
		{DF096E15-AA81-4FFD-B360-2B12E812BF26}.Debug|Any CPU.Build.0 = Debug|Any CPU
		{DF096E15-AA81-4FFD-B360-2B12E812BF26}.Release|Any CPU.ActiveCfg = Release|Any CPU
		{DF096E15-AA81-4FFD-B360-2B12E812BF26}.Release|Any CPU.Build.0 = Release|Any CPU
		{87F3A725-6AF4-41F7-AA58-CACD9E23D6D9}.Debug|Any CPU.ActiveCfg = Debug|Any CPU
		{87F3A725-6AF4-41F7-AA58-CACD9E23D6D9}.Debug|Any CPU.Build.0 = Debug|Any CPU
		{87F3A725-6AF4-41F7-AA58-CACD9E23D6D9}.Release|Any CPU.ActiveCfg = Release|Any CPU
		{87F3A725-6AF4-41F7-AA58-CACD9E23D6D9}.Release|Any CPU.Build.0 = Release|Any CPU
		{2F1AE477-5B19-4E8D-A70E-B1B74F57560C}.Debug|Any CPU.ActiveCfg = Debug|Any CPU
		{2F1AE477-5B19-4E8D-A70E-B1B74F57560C}.Debug|Any CPU.Build.0 = Debug|Any CPU
		{2F1AE477-5B19-4E8D-A70E-B1B74F57560C}.Release|Any CPU.ActiveCfg = Release|Any CPU
		{2F1AE477-5B19-4E8D-A70E-B1B74F57560C}.Release|Any CPU.Build.0 = Release|Any CPU
		{4DA52BA5-FF51-473D-96AE-7A9FF32E5CA0}.Debug|Any CPU.ActiveCfg = Debug|Any CPU
		{4DA52BA5-FF51-473D-96AE-7A9FF32E5CA0}.Debug|Any CPU.Build.0 = Debug|Any CPU
		{4DA52BA5-FF51-473D-96AE-7A9FF32E5CA0}.Release|Any CPU.ActiveCfg = Release|Any CPU
		{4DA52BA5-FF51-473D-96AE-7A9FF32E5CA0}.Release|Any CPU.Build.0 = Release|Any CPU
		{97D9BF95-9CB1-47FC-8F8E-E6FA05351133}.Debug|Any CPU.ActiveCfg = Debug|Any CPU
		{97D9BF95-9CB1-47FC-8F8E-E6FA05351133}.Debug|Any CPU.Build.0 = Debug|Any CPU
		{97D9BF95-9CB1-47FC-8F8E-E6FA05351133}.Release|Any CPU.ActiveCfg = Release|Any CPU
		{97D9BF95-9CB1-47FC-8F8E-E6FA05351133}.Release|Any CPU.Build.0 = Release|Any CPU
		{40B874B8-2E8D-42AE-A567-06AE167B0E8B}.Debug|Any CPU.ActiveCfg = Debug|Any CPU
		{40B874B8-2E8D-42AE-A567-06AE167B0E8B}.Debug|Any CPU.Build.0 = Debug|Any CPU
		{40B874B8-2E8D-42AE-A567-06AE167B0E8B}.Release|Any CPU.ActiveCfg = Release|Any CPU
		{40B874B8-2E8D-42AE-A567-06AE167B0E8B}.Release|Any CPU.Build.0 = Release|Any CPU
		{613DB9B5-0255-4B4E-9482-EA6A127F7894}.Debug|Any CPU.ActiveCfg = Debug|Any CPU
		{613DB9B5-0255-4B4E-9482-EA6A127F7894}.Debug|Any CPU.Build.0 = Debug|Any CPU
		{613DB9B5-0255-4B4E-9482-EA6A127F7894}.Release|Any CPU.ActiveCfg = Release|Any CPU
		{613DB9B5-0255-4B4E-9482-EA6A127F7894}.Release|Any CPU.Build.0 = Release|Any CPU
		{897591CD-CEC3-42B6-9207-0A23E92C0E5A}.Debug|Any CPU.ActiveCfg = Debug|Any CPU
		{897591CD-CEC3-42B6-9207-0A23E92C0E5A}.Debug|Any CPU.Build.0 = Debug|Any CPU
		{897591CD-CEC3-42B6-9207-0A23E92C0E5A}.Release|Any CPU.ActiveCfg = Release|Any CPU
		{897591CD-CEC3-42B6-9207-0A23E92C0E5A}.Release|Any CPU.Build.0 = Release|Any CPU
		{2C5315D0-1589-4044-BAA6-7DD8FD3E4AB6}.Debug|Any CPU.ActiveCfg = Debug|Any CPU
		{2C5315D0-1589-4044-BAA6-7DD8FD3E4AB6}.Debug|Any CPU.Build.0 = Debug|Any CPU
		{2C5315D0-1589-4044-BAA6-7DD8FD3E4AB6}.Release|Any CPU.ActiveCfg = Release|Any CPU
		{2C5315D0-1589-4044-BAA6-7DD8FD3E4AB6}.Release|Any CPU.Build.0 = Release|Any CPU
		{1F63C4EB-40DC-4837-AB6D-11A5D777D054}.Debug|Any CPU.ActiveCfg = Debug|Any CPU
		{1F63C4EB-40DC-4837-AB6D-11A5D777D054}.Debug|Any CPU.Build.0 = Debug|Any CPU
		{1F63C4EB-40DC-4837-AB6D-11A5D777D054}.Release|Any CPU.ActiveCfg = Release|Any CPU
		{1F63C4EB-40DC-4837-AB6D-11A5D777D054}.Release|Any CPU.Build.0 = Release|Any CPU
		{3D13BF57-9E23-4102-A0E1-49579900BA67}.Debug|Any CPU.ActiveCfg = Debug|Any CPU
		{3D13BF57-9E23-4102-A0E1-49579900BA67}.Debug|Any CPU.Build.0 = Debug|Any CPU
		{3D13BF57-9E23-4102-A0E1-49579900BA67}.Release|Any CPU.ActiveCfg = Release|Any CPU
		{3D13BF57-9E23-4102-A0E1-49579900BA67}.Release|Any CPU.Build.0 = Release|Any CPU
	EndGlobalSection
	GlobalSection(SolutionProperties) = preSolution
		HideSolutionNode = FALSE
	EndGlobalSection
	GlobalSection(NestedProjects) = preSolution
		{E5FF60A4-46FB-42D2-9430-BC523315C2E0} = {353CE3AB-3D8F-4859-9B2B-75BAC7BC2359}
		{B37B7DDE-435B-4F27-9A9B-9B6DF8744EBE} = {353CE3AB-3D8F-4859-9B2B-75BAC7BC2359}
		{C660F6AF-C100-4169-A9FB-61E1EBE87F34} = {353CE3AB-3D8F-4859-9B2B-75BAC7BC2359}
		{78A88806-AD96-4821-B9AD-8FC060F6FEB6} = {353CE3AB-3D8F-4859-9B2B-75BAC7BC2359}
		{3C8BCF2C-1019-4A8D-B986-AFD6BB80E917} = {353CE3AB-3D8F-4859-9B2B-75BAC7BC2359}
		{C5D22AE1-27EB-40C0-B483-D583EF036CD6} = {F376917D-6B01-4354-8C1A-5C1915DF3218}
		{4C2306E3-01BB-4A6F-9630-73E36A2BA57A} = {F376917D-6B01-4354-8C1A-5C1915DF3218}
		{C5389961-2C98-4528-AFF3-99D287C62D4A} = {F376917D-6B01-4354-8C1A-5C1915DF3218}
		{CEF63B7C-D944-4EAA-8FCA-45C8160F3711} = {F376917D-6B01-4354-8C1A-5C1915DF3218}
		{F532D63E-3438-452D-8180-4F493980754E} = {F376917D-6B01-4354-8C1A-5C1915DF3218}
		{2CE388DE-0183-4C2C-A6A9-586302FCF929} = {F376917D-6B01-4354-8C1A-5C1915DF3218}
		{F376917D-6B01-4354-8C1A-5C1915DF3218} = {B72415C1-5200-4C10-AE4D-358B8F822F60}
		{A4ED5B7A-C3CA-4E53-A5C3-61A5D81F5188} = {7784E3B6-CA36-4515-BC9D-7BEC5556D51E}
		{7784E3B6-CA36-4515-BC9D-7BEC5556D51E} = {B72415C1-5200-4C10-AE4D-358B8F822F60}
		{EFF9EC28-4D8D-424B-A244-56BB351D9EF0} = {7784E3B6-CA36-4515-BC9D-7BEC5556D51E}
		{2415A5B0-6C43-4519-B2CA-A8B4A35394C2} = {7784E3B6-CA36-4515-BC9D-7BEC5556D51E}
		{A01502AC-3DF4-40A9-971C-53F694378CB8} = {7784E3B6-CA36-4515-BC9D-7BEC5556D51E}
		{D2E19210-80D1-4F07-8E9D-5205F18B0B26} = {7784E3B6-CA36-4515-BC9D-7BEC5556D51E}
		{EA0EE733-BCA5-4AA1-BD9B-186D9D18228F} = {7784E3B6-CA36-4515-BC9D-7BEC5556D51E}
		{47D435BB-0619-4CDE-93A2-7ACE1FDF47FC} = {7784E3B6-CA36-4515-BC9D-7BEC5556D51E}
		{87EF004B-71CC-4747-8943-D1C7AB667550} = {7784E3B6-CA36-4515-BC9D-7BEC5556D51E}
		{79E142ED-CDA0-4AB7-AE97-000775E82ED5} = {7784E3B6-CA36-4515-BC9D-7BEC5556D51E}
		{C03AB561-606A-4815-B90A-78BCA1D48B64} = {7784E3B6-CA36-4515-BC9D-7BEC5556D51E}
		{A5A5F2D5-E05C-43CF-9F9D-4B5B9FFDCF13} = {7784E3B6-CA36-4515-BC9D-7BEC5556D51E}
		{F059451F-42CF-44E2-88D8-1DBE869D8256} = {7784E3B6-CA36-4515-BC9D-7BEC5556D51E}
		{942A82B6-C939-4C63-903C-4E55C73DFA63} = {7784E3B6-CA36-4515-BC9D-7BEC5556D51E}
		{90FAED92-075D-48A0-BD9D-601F57637F45} = {7784E3B6-CA36-4515-BC9D-7BEC5556D51E}
		{FF1AA9A2-D928-4F56-B49F-11FD1D632D22} = {7784E3B6-CA36-4515-BC9D-7BEC5556D51E}
		{38149468-A074-4408-8684-B06F7176B3F6} = {C3FDBD2F-302D-406C-9BE1-BFD1E34C3DCC}
		{1E28B48E-DED7-4184-A449-B1D8C8C489EA} = {C3FDBD2F-302D-406C-9BE1-BFD1E34C3DCC}
		{0CC80831-18A6-4921-BB1A-B0230F268A22} = {C3FDBD2F-302D-406C-9BE1-BFD1E34C3DCC}
		{013D4176-6166-426A-94FF-85DEA2084286} = {C3FDBD2F-302D-406C-9BE1-BFD1E34C3DCC}
		{5CD75BBF-DB84-4509-80F6-8DB1F11A666F} = {C3FDBD2F-302D-406C-9BE1-BFD1E34C3DCC}
		{820C2DB6-1D61-41CF-B420-A748ADA009DC} = {C3FDBD2F-302D-406C-9BE1-BFD1E34C3DCC}
		{3F964DED-9DF1-4350-9C56-220D5AACCBAE} = {E6454C74-3D02-49DC-BF69-CCBD7CE40E25}
		{D1EBA24E-C135-4AF4-9802-D6EEBEEC2656} = {E6454C74-3D02-49DC-BF69-CCBD7CE40E25}
		{1995505D-5179-43C0-A122-BB51D8F5EEA6} = {E6454C74-3D02-49DC-BF69-CCBD7CE40E25}
		{4F8B145D-AD8A-43CB-B706-569F0B80C1E9} = {E6454C74-3D02-49DC-BF69-CCBD7CE40E25}
		{E6454C74-3D02-49DC-BF69-CCBD7CE40E25} = {D5D01620-9700-43CA-9B7B-3A22DA0D5C41}
		{ADFE07A0-D2B7-42A7-8DDC-C0F1D441ACC1} = {E6454C74-3D02-49DC-BF69-CCBD7CE40E25}
		{5CE8B95A-A23E-49D0-BF5D-879472F6E7FC} = {E6454C74-3D02-49DC-BF69-CCBD7CE40E25}
		{F3FE3B20-36C7-4221-A2ED-EEDA4887E1E4} = {60690206-8C29-45FF-B353-25286A9438CE}
		{71732F14-6930-4F72-9922-DB76298C1979} = {60690206-8C29-45FF-B353-25286A9438CE}
		{0D198482-14CC-4FBA-BDF5-8B1633D4E5A4} = {E6454C74-3D02-49DC-BF69-CCBD7CE40E25}
		{B477FA61-3ABE-43EC-B785-2306975C65B1} = {E6454C74-3D02-49DC-BF69-CCBD7CE40E25}
		{FC0DCE57-DE47-494B-9CA8-FE2756C300D9} = {E6454C74-3D02-49DC-BF69-CCBD7CE40E25}
		{5E1DD531-7FAD-4FA1-BB74-A45566A34346} = {C3FDBD2F-302D-406C-9BE1-BFD1E34C3DCC}
		{BB3EDC45-39BC-44EE-9DEF-B56B54D9572F} = {7784E3B6-CA36-4515-BC9D-7BEC5556D51E}
		{C9043719-1776-48D3-9515-5370F1508C48} = {E6454C74-3D02-49DC-BF69-CCBD7CE40E25}
		{94C18A12-1467-45DC-9F68-8F8C1C9FFCE5} = {7784E3B6-CA36-4515-BC9D-7BEC5556D51E}
		{E57F526F-FBB2-4C28-8B78-AB1BAC86E26E} = {E6454C74-3D02-49DC-BF69-CCBD7CE40E25}
		{93522A71-576A-4C95-BF4B-A4D1EE173635} = {E6454C74-3D02-49DC-BF69-CCBD7CE40E25}
		{AB2FC8A2-9741-42B7-9170-D713B5125D78} = {E6454C74-3D02-49DC-BF69-CCBD7CE40E25}
		{3F29DE75-E5F8-4FC8-91AD-D332B1816EC7} = {E6454C74-3D02-49DC-BF69-CCBD7CE40E25}
		{54E36986-D3B2-45AD-949D-AF58EF41852B} = {7784E3B6-CA36-4515-BC9D-7BEC5556D51E}
		{7D52CCA1-5FC3-4EF5-820A-9B8982DBE928} = {7784E3B6-CA36-4515-BC9D-7BEC5556D51E}
		{1A07B025-F381-4503-823C-F1885E202D0B} = {E6454C74-3D02-49DC-BF69-CCBD7CE40E25}
		{911C6DFF-BE3E-4EA5-ADF2-A363DF797F23} = {353CE3AB-3D8F-4859-9B2B-75BAC7BC2359}
		{06D368A6-B600-4323-BDBC-EA5B9486C145} = {E6454C74-3D02-49DC-BF69-CCBD7CE40E25}
		{60690206-8C29-45FF-B353-25286A9438CE} = {D5D01620-9700-43CA-9B7B-3A22DA0D5C41}
		{1F9BC86D-1D21-48F1-B41F-FE353D9E192B} = {60690206-8C29-45FF-B353-25286A9438CE}
		{AAD72C15-8B30-4EF6-8BB4-4D54608ABE9C} = {60690206-8C29-45FF-B353-25286A9438CE}
		{DAF8FFC9-D90C-4F1D-B361-85A4D1AA726D} = {E6454C74-3D02-49DC-BF69-CCBD7CE40E25}
		{94203572-FD14-4E3D-85D3-7B7B486853E2} = {60690206-8C29-45FF-B353-25286A9438CE}
		{227D6BE1-BA08-4030-A755-07288540931F} = {353CE3AB-3D8F-4859-9B2B-75BAC7BC2359}
		{4A06C598-5CAE-4EFF-AE4E-086F8CA86FC3} = {60690206-8C29-45FF-B353-25286A9438CE}
		{3E179B42-E1EF-41A4-804C-6EDBB06EC86C} = {7784E3B6-CA36-4515-BC9D-7BEC5556D51E}
		{EF31CB77-8ECF-4C5E-80A0-B0123C1C8647} = {60690206-8C29-45FF-B353-25286A9438CE}
		{DF096E15-AA81-4FFD-B360-2B12E812BF26} = {BEE08292-7C95-44EC-B228-44ED81C09610}
		{87F3A725-6AF4-41F7-AA58-CACD9E23D6D9} = {BEE08292-7C95-44EC-B228-44ED81C09610}
		{2F1AE477-5B19-4E8D-A70E-B1B74F57560C} = {BEE08292-7C95-44EC-B228-44ED81C09610}
		{4DA52BA5-FF51-473D-96AE-7A9FF32E5CA0} = {60690206-8C29-45FF-B353-25286A9438CE}
		{97D9BF95-9CB1-47FC-8F8E-E6FA05351133} = {7784E3B6-CA36-4515-BC9D-7BEC5556D51E}
		{40B874B8-2E8D-42AE-A567-06AE167B0E8B} = {E6454C74-3D02-49DC-BF69-CCBD7CE40E25}
		{613DB9B5-0255-4B4E-9482-EA6A127F7894} = {E6454C74-3D02-49DC-BF69-CCBD7CE40E25}
		{47842DCE-0946-4296-9D49-F15728A3389A} = {B72415C1-5200-4C10-AE4D-358B8F822F60}
		{897591CD-CEC3-42B6-9207-0A23E92C0E5A} = {47842DCE-0946-4296-9D49-F15728A3389A}
		{2C5315D0-1589-4044-BAA6-7DD8FD3E4AB6} = {7784E3B6-CA36-4515-BC9D-7BEC5556D51E}
		{1F63C4EB-40DC-4837-AB6D-11A5D777D054} = {7784E3B6-CA36-4515-BC9D-7BEC5556D51E}
		{3D13BF57-9E23-4102-A0E1-49579900BA67} = {F376917D-6B01-4354-8C1A-5C1915DF3218}
	EndGlobalSection
	GlobalSection(ExtensibilityGlobals) = postSolution
		SolutionGuid = {1CA293D8-FC78-4BF1-BA73-543451A6B7AB}
	EndGlobalSection
	GlobalSection(Performance) = preSolution
		HasPerformanceSessions = true
	EndGlobalSection
EndGlobal
