Microsoft Visual Studio Solution File, Format Version 12.00
# Visual Studio 15
VisualStudioVersion = 15.0.27130.2020
MinimumVisualStudioVersion = 10.0.40219.1
Project("{2150E333-8FDC-42A3-9474-1A3956D46DE8}") = "Solution Items", "Solution Items", "{6DE0AA68-F375-4C8C-B207-141BF71DF96F}"
	ProjectSection(SolutionItems) = preProject
		appveyor.yml = appveyor.yml
		CHANGELOG.md = CHANGELOG.md
		CONTRIBUTING.md = CONTRIBUTING.md
		ISSUE_TEMPLATE.md = ISSUE_TEMPLATE.md
		LICENSE = LICENSE
		readme.md = readme.md
	EndProjectSection
EndProject
Project("{2150E333-8FDC-42A3-9474-1A3956D46DE8}") = "src", "src", "{353CE3AB-3D8F-4859-9B2B-75BAC7BC2359}"
EndProject
Project("{FAE04EC0-301F-11D3-BF4B-00C04F79EFBC}") = "Zenseless.Base", "src\Zenseless.Base\Zenseless.Base.csproj", "{4DE8BCD3-83DF-48DD-B962-518C06D3491A}"
EndProject
Project("{FAE04EC0-301F-11D3-BF4B-00C04F79EFBC}") = "Zenseless.Geometry", "src\Zenseless.Geometry\Zenseless.Geometry.csproj", "{B37B7DDE-435B-4F27-9A9B-9B6DF8744EBE}"
EndProject
Project("{FAE04EC0-301F-11D3-BF4B-00C04F79EFBC}") = "Zenseless.OpenGL", "src\Zenseless.OpenGL\Zenseless.OpenGL.csproj", "{C660F6AF-C100-4169-A9FB-61E1EBE87F34}"
EndProject
Project("{FAE04EC0-301F-11D3-BF4B-00C04F79EFBC}") = "Zenseless.Sound", "src\Zenseless.Sound\Zenseless.Sound.csproj", "{78A88806-AD96-4821-B9AD-8FC060F6FEB6}"
EndProject
Project("{FAE04EC0-301F-11D3-BF4B-00C04F79EFBC}") = "Zenseless.HLGL", "src\Zenseless.HLGL\Zenseless.HLGL.csproj", "{227D6BE1-BA08-4030-A755-07288540931F}"
EndProject
Project("{2150E333-8FDC-42A3-9474-1A3956D46DE8}") = "Test", "Test", "{BEE08292-7C95-44EC-B228-44ED81C09610}"
EndProject
Project("{FAE04EC0-301F-11D3-BF4B-00C04F79EFBC}") = "Zenseless.Geometry.Tests", "Test\Zenseless.Geometry.Tests\Zenseless.Geometry.Tests.csproj", "{DF096E15-AA81-4FFD-B360-2B12E812BF26}"
EndProject
Project("{FAE04EC0-301F-11D3-BF4B-00C04F79EFBC}") = "Zenseless.OpenGL.Tests", "Test\Zenseless.OpenGL.Tests\Zenseless.OpenGL.Tests.csproj", "{87F3A725-6AF4-41F7-AA58-CACD9E23D6D9}"
EndProject
Project("{FAE04EC0-301F-11D3-BF4B-00C04F79EFBC}") = "Zenseless.HLGL.Tests", "Test\Zenseless.HLGL.Tests\Zenseless.HLGL.Tests.csproj", "{2F1AE477-5B19-4E8D-A70E-B1B74F57560C}"
EndProject
Project("{FAE04EC0-301F-11D3-BF4B-00C04F79EFBC}") = "Zenseless.ContentPipeline", "src\Zenseless.ContentPipeline\Zenseless.ContentPipeline.csproj", "{6810DE78-7764-4C8C-ADA7-E7D31AE6C259}"
EndProject
Project("{FAE04EC0-301F-11D3-BF4B-00C04F79EFBC}") = "AABBRotationExample", "examples\new\AABBRotationExample\AABBRotationExample.csproj", "{BB3EDC45-39BC-44EE-9DEF-B56B54D9572F}"
EndProject
Project("{FAE04EC0-301F-11D3-BF4B-00C04F79EFBC}") = "BlendingExample", "examples\new\BlendingExample\BlendingExample.csproj", "{87EF004B-71CC-4747-8943-D1C7AB667550}"
EndProject
Project("{FAE04EC0-301F-11D3-BF4B-00C04F79EFBC}") = "GlobalIlluminationExample", "examples\new\GlobalIlluminationExample\GlobalIlluminationExample.csproj", "{1A07B025-F381-4503-823C-F1885E202D0B}"
EndProject
Project("{FAE04EC0-301F-11D3-BF4B-00C04F79EFBC}") = "GpuParticleExample", "examples\new\GpuParticleExample\GpuParticleExample.csproj", "{88E2E445-0859-4364-BF3D-53CB78DB02C0}"
EndProject
Project("{FAE04EC0-301F-11D3-BF4B-00C04F79EFBC}") = "GpuParticlePhysics2DExample", "examples\new\GpuParticlePhysics2DExample\GpuParticlePhysics2DExample.csproj", "{112DAB1A-27FC-4677-94EE-BFA6B6689D49}"
EndProject
Project("{FAE04EC0-301F-11D3-BF4B-00C04F79EFBC}") = "GpuParticleSystemExample", "examples\new\GpuParticleSystemExample\GpuParticleSystemExample.csproj", "{DAF8FFC9-D90C-4F1D-B361-85A4D1AA726D}"
EndProject
Project("{FAE04EC0-301F-11D3-BF4B-00C04F79EFBC}") = "Grow", "examples\new\Grow\Grow.csproj", "{897591CD-CEC3-42B6-9207-0A23E92C0E5A}"
EndProject
Project("{FAE04EC0-301F-11D3-BF4B-00C04F79EFBC}") = "HLGLExample", "examples\new\HLGLExample\HLGLExample.csproj", "{8AAF26AD-B969-437F-8EA5-D45D2EB07C2B}"
EndProject
Project("{FAE04EC0-301F-11D3-BF4B-00C04F79EFBC}") = "InterpolationExample", "examples\new\InterpolationExample\InterpolationExample.csproj", "{47D435BB-0619-4CDE-93A2-7ACE1FDF47FC}"
EndProject
Project("{FAE04EC0-301F-11D3-BF4B-00C04F79EFBC}") = "LevelConsumer", "examples\new\LevelConsumer\LevelConsumer.csproj", "{90FAED92-075D-48A0-BD9D-601F57637F45}"
EndProject
Project("{FAE04EC0-301F-11D3-BF4B-00C04F79EFBC}") = "LevelData", "examples\new\LevelData\LevelData.csproj", "{94C18A12-1467-45DC-9F68-8F8C1C9FFCE5}"
EndProject
Project("{FAE04EC0-301F-11D3-BF4B-00C04F79EFBC}") = "LevelEditor", "examples\new\LevelEditor\LevelEditor.csproj", "{942A82B6-C939-4C63-903C-4E55C73DFA63}"
EndProject
Project("{FAE04EC0-301F-11D3-BF4B-00C04F79EFBC}") = "MapCreator", "examples\new\MapCreator\MapCreator.csproj", "{F54A9D39-6597-4816-A150-C93C5D5E8530}"
EndProject
Project("{FAE04EC0-301F-11D3-BF4B-00C04F79EFBC}") = "MeshParticleExample", "examples\new\MeshParticleExample\MeshParticleExample.csproj", "{4DA52BA5-FF51-473D-96AE-7A9FF32E5CA0}"
EndProject
Project("{FAE04EC0-301F-11D3-BF4B-00C04F79EFBC}") = "MiniGalaxyBirds", "examples\new\MiniGalaxyBirds\MiniGalaxyBirds.csproj", "{C5D22AE1-27EB-40C0-B483-D583EF036CD6}"
EndProject
Project("{FAE04EC0-301F-11D3-BF4B-00C04F79EFBC}") = "OcclusionQueryExample", "examples\new\OcclusionQueryExample\OcclusionQueryExample.csproj", "{FC0DCE57-DE47-494B-9CA8-FE2756C300D9}"
EndProject
Project("{FAE04EC0-301F-11D3-BF4B-00C04F79EFBC}") = "RasterizationExample", "examples\new\RasterizationExample\RasterizationExample.csproj", "{FF1AA9A2-D928-4F56-B49F-11FD1D632D22}"
EndProject
Project("{FAE04EC0-301F-11D3-BF4B-00C04F79EFBC}") = "RazeDesigner", "examples\new\RazeDesigner\RazeDesigner.csproj", "{3D13BF57-9E23-4102-A0E1-49579900BA67}"
EndProject
Project("{FAE04EC0-301F-11D3-BF4B-00C04F79EFBC}") = "RtsInteraction", "examples\new\RtsInteraction\RtsInteraction.csproj", "{3E97D5D7-FF09-42E8-8029-5446AC442A23}"
EndProject
Project("{FAE04EC0-301F-11D3-BF4B-00C04F79EFBC}") = "SplineExample", "examples\new\SplineExample\SplineExample.csproj", "{1F63C4EB-40DC-4837-AB6D-11A5D777D054}"
EndProject
Project("{FAE04EC0-301F-11D3-BF4B-00C04F79EFBC}") = "TextureMagFilterExample", "examples\new\TextureMagFilterExample\TextureMagFilterExample.csproj", "{54E36986-D3B2-45AD-949D-AF58EF41852B}"
EndProject
Project("{FAE04EC0-301F-11D3-BF4B-00C04F79EFBC}") = "TextureMinFilterExample", "examples\new\TextureMinFilterExample\TextureMinFilterExample.csproj", "{7D52CCA1-5FC3-4EF5-820A-9B8982DBE928}"
EndProject
Project("{2150E333-8FDC-42A3-9474-1A3956D46DE8}") = "Examples", "Examples", "{4AD70E1B-FC00-4433-BDC0-D366B1E0FCCC}"
EndProject
Project("{2150E333-8FDC-42A3-9474-1A3956D46DE8}") = "new", "new", "{CB237D59-2840-48EB-888F-965EDB20E868}"
EndProject
Global
	GlobalSection(SolutionConfigurationPlatforms) = preSolution
		Debug|Any CPU = Debug|Any CPU
		Release|Any CPU = Release|Any CPU
	EndGlobalSection
	GlobalSection(ProjectConfigurationPlatforms) = postSolution
		{4DE8BCD3-83DF-48DD-B962-518C06D3491A}.Debug|Any CPU.ActiveCfg = Debug|Any CPU
		{4DE8BCD3-83DF-48DD-B962-518C06D3491A}.Debug|Any CPU.Build.0 = Debug|Any CPU
		{4DE8BCD3-83DF-48DD-B962-518C06D3491A}.Release|Any CPU.ActiveCfg = Release|Any CPU
		{4DE8BCD3-83DF-48DD-B962-518C06D3491A}.Release|Any CPU.Build.0 = Release|Any CPU
		{B37B7DDE-435B-4F27-9A9B-9B6DF8744EBE}.Debug|Any CPU.ActiveCfg = Debug|Any CPU
		{B37B7DDE-435B-4F27-9A9B-9B6DF8744EBE}.Debug|Any CPU.Build.0 = Debug|Any CPU
		{B37B7DDE-435B-4F27-9A9B-9B6DF8744EBE}.Release|Any CPU.ActiveCfg = Release|Any CPU
		{B37B7DDE-435B-4F27-9A9B-9B6DF8744EBE}.Release|Any CPU.Build.0 = Release|Any CPU
		{C660F6AF-C100-4169-A9FB-61E1EBE87F34}.Debug|Any CPU.ActiveCfg = Debug|Any CPU
		{C660F6AF-C100-4169-A9FB-61E1EBE87F34}.Debug|Any CPU.Build.0 = Debug|Any CPU
		{C660F6AF-C100-4169-A9FB-61E1EBE87F34}.Release|Any CPU.ActiveCfg = Release|Any CPU
		{C660F6AF-C100-4169-A9FB-61E1EBE87F34}.Release|Any CPU.Build.0 = Release|Any CPU
		{78A88806-AD96-4821-B9AD-8FC060F6FEB6}.Debug|Any CPU.ActiveCfg = Debug|Any CPU
		{78A88806-AD96-4821-B9AD-8FC060F6FEB6}.Debug|Any CPU.Build.0 = Debug|Any CPU
		{78A88806-AD96-4821-B9AD-8FC060F6FEB6}.Release|Any CPU.ActiveCfg = Release|Any CPU
		{78A88806-AD96-4821-B9AD-8FC060F6FEB6}.Release|Any CPU.Build.0 = Release|Any CPU
		{227D6BE1-BA08-4030-A755-07288540931F}.Debug|Any CPU.ActiveCfg = Debug|Any CPU
		{227D6BE1-BA08-4030-A755-07288540931F}.Debug|Any CPU.Build.0 = Debug|Any CPU
		{227D6BE1-BA08-4030-A755-07288540931F}.Release|Any CPU.ActiveCfg = Release|Any CPU
		{227D6BE1-BA08-4030-A755-07288540931F}.Release|Any CPU.Build.0 = Release|Any CPU
		{DF096E15-AA81-4FFD-B360-2B12E812BF26}.Debug|Any CPU.ActiveCfg = Debug|Any CPU
		{DF096E15-AA81-4FFD-B360-2B12E812BF26}.Debug|Any CPU.Build.0 = Debug|Any CPU
		{DF096E15-AA81-4FFD-B360-2B12E812BF26}.Release|Any CPU.ActiveCfg = Release|Any CPU
		{DF096E15-AA81-4FFD-B360-2B12E812BF26}.Release|Any CPU.Build.0 = Release|Any CPU
		{87F3A725-6AF4-41F7-AA58-CACD9E23D6D9}.Debug|Any CPU.ActiveCfg = Debug|Any CPU
		{87F3A725-6AF4-41F7-AA58-CACD9E23D6D9}.Debug|Any CPU.Build.0 = Debug|Any CPU
		{87F3A725-6AF4-41F7-AA58-CACD9E23D6D9}.Release|Any CPU.ActiveCfg = Release|Any CPU
		{87F3A725-6AF4-41F7-AA58-CACD9E23D6D9}.Release|Any CPU.Build.0 = Release|Any CPU
		{2F1AE477-5B19-4E8D-A70E-B1B74F57560C}.Debug|Any CPU.ActiveCfg = Debug|Any CPU
		{2F1AE477-5B19-4E8D-A70E-B1B74F57560C}.Debug|Any CPU.Build.0 = Debug|Any CPU
		{2F1AE477-5B19-4E8D-A70E-B1B74F57560C}.Release|Any CPU.ActiveCfg = Release|Any CPU
		{2F1AE477-5B19-4E8D-A70E-B1B74F57560C}.Release|Any CPU.Build.0 = Release|Any CPU
		{6810DE78-7764-4C8C-ADA7-E7D31AE6C259}.Debug|Any CPU.ActiveCfg = Debug|Any CPU
		{6810DE78-7764-4C8C-ADA7-E7D31AE6C259}.Debug|Any CPU.Build.0 = Debug|Any CPU
		{6810DE78-7764-4C8C-ADA7-E7D31AE6C259}.Release|Any CPU.ActiveCfg = Release|Any CPU
		{6810DE78-7764-4C8C-ADA7-E7D31AE6C259}.Release|Any CPU.Build.0 = Release|Any CPU
		{BB3EDC45-39BC-44EE-9DEF-B56B54D9572F}.Debug|Any CPU.ActiveCfg = Debug|Any CPU
		{BB3EDC45-39BC-44EE-9DEF-B56B54D9572F}.Debug|Any CPU.Build.0 = Debug|Any CPU
		{BB3EDC45-39BC-44EE-9DEF-B56B54D9572F}.Release|Any CPU.ActiveCfg = Release|Any CPU
		{BB3EDC45-39BC-44EE-9DEF-B56B54D9572F}.Release|Any CPU.Build.0 = Release|Any CPU
		{87EF004B-71CC-4747-8943-D1C7AB667550}.Debug|Any CPU.ActiveCfg = Debug|Any CPU
		{87EF004B-71CC-4747-8943-D1C7AB667550}.Debug|Any CPU.Build.0 = Debug|Any CPU
		{87EF004B-71CC-4747-8943-D1C7AB667550}.Release|Any CPU.ActiveCfg = Release|Any CPU
		{87EF004B-71CC-4747-8943-D1C7AB667550}.Release|Any CPU.Build.0 = Release|Any CPU
		{1A07B025-F381-4503-823C-F1885E202D0B}.Debug|Any CPU.ActiveCfg = Debug|Any CPU
		{1A07B025-F381-4503-823C-F1885E202D0B}.Debug|Any CPU.Build.0 = Debug|Any CPU
		{1A07B025-F381-4503-823C-F1885E202D0B}.Release|Any CPU.ActiveCfg = Release|Any CPU
		{1A07B025-F381-4503-823C-F1885E202D0B}.Release|Any CPU.Build.0 = Release|Any CPU
		{88E2E445-0859-4364-BF3D-53CB78DB02C0}.Debug|Any CPU.ActiveCfg = Debug|Any CPU
		{88E2E445-0859-4364-BF3D-53CB78DB02C0}.Debug|Any CPU.Build.0 = Debug|Any CPU
		{88E2E445-0859-4364-BF3D-53CB78DB02C0}.Release|Any CPU.ActiveCfg = Release|Any CPU
		{88E2E445-0859-4364-BF3D-53CB78DB02C0}.Release|Any CPU.Build.0 = Release|Any CPU
		{112DAB1A-27FC-4677-94EE-BFA6B6689D49}.Debug|Any CPU.ActiveCfg = Debug|Any CPU
		{112DAB1A-27FC-4677-94EE-BFA6B6689D49}.Debug|Any CPU.Build.0 = Debug|Any CPU
		{112DAB1A-27FC-4677-94EE-BFA6B6689D49}.Release|Any CPU.ActiveCfg = Release|Any CPU
		{112DAB1A-27FC-4677-94EE-BFA6B6689D49}.Release|Any CPU.Build.0 = Release|Any CPU
		{DAF8FFC9-D90C-4F1D-B361-85A4D1AA726D}.Debug|Any CPU.ActiveCfg = Debug|Any CPU
		{DAF8FFC9-D90C-4F1D-B361-85A4D1AA726D}.Debug|Any CPU.Build.0 = Debug|Any CPU
		{DAF8FFC9-D90C-4F1D-B361-85A4D1AA726D}.Release|Any CPU.ActiveCfg = Release|Any CPU
		{DAF8FFC9-D90C-4F1D-B361-85A4D1AA726D}.Release|Any CPU.Build.0 = Release|Any CPU
		{897591CD-CEC3-42B6-9207-0A23E92C0E5A}.Debug|Any CPU.ActiveCfg = Debug|Any CPU
		{897591CD-CEC3-42B6-9207-0A23E92C0E5A}.Debug|Any CPU.Build.0 = Debug|Any CPU
		{897591CD-CEC3-42B6-9207-0A23E92C0E5A}.Release|Any CPU.ActiveCfg = Release|Any CPU
		{897591CD-CEC3-42B6-9207-0A23E92C0E5A}.Release|Any CPU.Build.0 = Release|Any CPU
		{8AAF26AD-B969-437F-8EA5-D45D2EB07C2B}.Debug|Any CPU.ActiveCfg = Debug|Any CPU
		{8AAF26AD-B969-437F-8EA5-D45D2EB07C2B}.Debug|Any CPU.Build.0 = Debug|Any CPU
		{8AAF26AD-B969-437F-8EA5-D45D2EB07C2B}.Release|Any CPU.ActiveCfg = Release|Any CPU
		{8AAF26AD-B969-437F-8EA5-D45D2EB07C2B}.Release|Any CPU.Build.0 = Release|Any CPU
		{47D435BB-0619-4CDE-93A2-7ACE1FDF47FC}.Debug|Any CPU.ActiveCfg = Debug|Any CPU
		{47D435BB-0619-4CDE-93A2-7ACE1FDF47FC}.Debug|Any CPU.Build.0 = Debug|Any CPU
		{47D435BB-0619-4CDE-93A2-7ACE1FDF47FC}.Release|Any CPU.ActiveCfg = Release|Any CPU
		{47D435BB-0619-4CDE-93A2-7ACE1FDF47FC}.Release|Any CPU.Build.0 = Release|Any CPU
		{90FAED92-075D-48A0-BD9D-601F57637F45}.Debug|Any CPU.ActiveCfg = Debug|Any CPU
		{90FAED92-075D-48A0-BD9D-601F57637F45}.Debug|Any CPU.Build.0 = Debug|Any CPU
		{90FAED92-075D-48A0-BD9D-601F57637F45}.Release|Any CPU.ActiveCfg = Release|Any CPU
		{90FAED92-075D-48A0-BD9D-601F57637F45}.Release|Any CPU.Build.0 = Release|Any CPU
		{94C18A12-1467-45DC-9F68-8F8C1C9FFCE5}.Debug|Any CPU.ActiveCfg = Debug|Any CPU
		{94C18A12-1467-45DC-9F68-8F8C1C9FFCE5}.Debug|Any CPU.Build.0 = Debug|Any CPU
		{94C18A12-1467-45DC-9F68-8F8C1C9FFCE5}.Release|Any CPU.ActiveCfg = Release|Any CPU
		{94C18A12-1467-45DC-9F68-8F8C1C9FFCE5}.Release|Any CPU.Build.0 = Release|Any CPU
		{942A82B6-C939-4C63-903C-4E55C73DFA63}.Debug|Any CPU.ActiveCfg = Debug|Any CPU
		{942A82B6-C939-4C63-903C-4E55C73DFA63}.Debug|Any CPU.Build.0 = Debug|Any CPU
		{942A82B6-C939-4C63-903C-4E55C73DFA63}.Release|Any CPU.ActiveCfg = Release|Any CPU
		{942A82B6-C939-4C63-903C-4E55C73DFA63}.Release|Any CPU.Build.0 = Release|Any CPU
		{F54A9D39-6597-4816-A150-C93C5D5E8530}.Debug|Any CPU.ActiveCfg = Debug|Any CPU
		{F54A9D39-6597-4816-A150-C93C5D5E8530}.Debug|Any CPU.Build.0 = Debug|Any CPU
		{F54A9D39-6597-4816-A150-C93C5D5E8530}.Release|Any CPU.ActiveCfg = Release|Any CPU
		{F54A9D39-6597-4816-A150-C93C5D5E8530}.Release|Any CPU.Build.0 = Release|Any CPU
		{4DA52BA5-FF51-473D-96AE-7A9FF32E5CA0}.Debug|Any CPU.ActiveCfg = Debug|Any CPU
		{4DA52BA5-FF51-473D-96AE-7A9FF32E5CA0}.Debug|Any CPU.Build.0 = Debug|Any CPU
		{4DA52BA5-FF51-473D-96AE-7A9FF32E5CA0}.Release|Any CPU.ActiveCfg = Release|Any CPU
		{4DA52BA5-FF51-473D-96AE-7A9FF32E5CA0}.Release|Any CPU.Build.0 = Release|Any CPU
		{C5D22AE1-27EB-40C0-B483-D583EF036CD6}.Debug|Any CPU.ActiveCfg = Debug|Any CPU
		{C5D22AE1-27EB-40C0-B483-D583EF036CD6}.Debug|Any CPU.Build.0 = Debug|Any CPU
		{C5D22AE1-27EB-40C0-B483-D583EF036CD6}.Release|Any CPU.ActiveCfg = Release|Any CPU
		{C5D22AE1-27EB-40C0-B483-D583EF036CD6}.Release|Any CPU.Build.0 = Release|Any CPU
		{FC0DCE57-DE47-494B-9CA8-FE2756C300D9}.Debug|Any CPU.ActiveCfg = Debug|Any CPU
		{FC0DCE57-DE47-494B-9CA8-FE2756C300D9}.Debug|Any CPU.Build.0 = Debug|Any CPU
		{FC0DCE57-DE47-494B-9CA8-FE2756C300D9}.Release|Any CPU.ActiveCfg = Release|Any CPU
		{FC0DCE57-DE47-494B-9CA8-FE2756C300D9}.Release|Any CPU.Build.0 = Release|Any CPU
		{FF1AA9A2-D928-4F56-B49F-11FD1D632D22}.Debug|Any CPU.ActiveCfg = Debug|Any CPU
		{FF1AA9A2-D928-4F56-B49F-11FD1D632D22}.Debug|Any CPU.Build.0 = Debug|Any CPU
		{FF1AA9A2-D928-4F56-B49F-11FD1D632D22}.Release|Any CPU.ActiveCfg = Release|Any CPU
		{FF1AA9A2-D928-4F56-B49F-11FD1D632D22}.Release|Any CPU.Build.0 = Release|Any CPU
		{3D13BF57-9E23-4102-A0E1-49579900BA67}.Debug|Any CPU.ActiveCfg = Debug|Any CPU
		{3D13BF57-9E23-4102-A0E1-49579900BA67}.Debug|Any CPU.Build.0 = Debug|Any CPU
		{3D13BF57-9E23-4102-A0E1-49579900BA67}.Release|Any CPU.ActiveCfg = Release|Any CPU
		{3D13BF57-9E23-4102-A0E1-49579900BA67}.Release|Any CPU.Build.0 = Release|Any CPU
		{3E97D5D7-FF09-42E8-8029-5446AC442A23}.Debug|Any CPU.ActiveCfg = Debug|Any CPU
		{3E97D5D7-FF09-42E8-8029-5446AC442A23}.Debug|Any CPU.Build.0 = Debug|Any CPU
		{3E97D5D7-FF09-42E8-8029-5446AC442A23}.Release|Any CPU.ActiveCfg = Release|Any CPU
		{3E97D5D7-FF09-42E8-8029-5446AC442A23}.Release|Any CPU.Build.0 = Release|Any CPU
		{1F63C4EB-40DC-4837-AB6D-11A5D777D054}.Debug|Any CPU.ActiveCfg = Debug|Any CPU
		{1F63C4EB-40DC-4837-AB6D-11A5D777D054}.Debug|Any CPU.Build.0 = Debug|Any CPU
		{1F63C4EB-40DC-4837-AB6D-11A5D777D054}.Release|Any CPU.ActiveCfg = Release|Any CPU
		{1F63C4EB-40DC-4837-AB6D-11A5D777D054}.Release|Any CPU.Build.0 = Release|Any CPU
		{54E36986-D3B2-45AD-949D-AF58EF41852B}.Debug|Any CPU.ActiveCfg = Debug|Any CPU
		{54E36986-D3B2-45AD-949D-AF58EF41852B}.Debug|Any CPU.Build.0 = Debug|Any CPU
		{54E36986-D3B2-45AD-949D-AF58EF41852B}.Release|Any CPU.ActiveCfg = Release|Any CPU
		{54E36986-D3B2-45AD-949D-AF58EF41852B}.Release|Any CPU.Build.0 = Release|Any CPU
		{7D52CCA1-5FC3-4EF5-820A-9B8982DBE928}.Debug|Any CPU.ActiveCfg = Debug|Any CPU
		{7D52CCA1-5FC3-4EF5-820A-9B8982DBE928}.Debug|Any CPU.Build.0 = Debug|Any CPU
		{7D52CCA1-5FC3-4EF5-820A-9B8982DBE928}.Release|Any CPU.ActiveCfg = Release|Any CPU
		{7D52CCA1-5FC3-4EF5-820A-9B8982DBE928}.Release|Any CPU.Build.0 = Release|Any CPU
	EndGlobalSection
	GlobalSection(SolutionProperties) = preSolution
		HideSolutionNode = FALSE
	EndGlobalSection
	GlobalSection(NestedProjects) = preSolution
		{4DE8BCD3-83DF-48DD-B962-518C06D3491A} = {353CE3AB-3D8F-4859-9B2B-75BAC7BC2359}
		{B37B7DDE-435B-4F27-9A9B-9B6DF8744EBE} = {353CE3AB-3D8F-4859-9B2B-75BAC7BC2359}
		{C660F6AF-C100-4169-A9FB-61E1EBE87F34} = {353CE3AB-3D8F-4859-9B2B-75BAC7BC2359}
		{78A88806-AD96-4821-B9AD-8FC060F6FEB6} = {353CE3AB-3D8F-4859-9B2B-75BAC7BC2359}
		{227D6BE1-BA08-4030-A755-07288540931F} = {353CE3AB-3D8F-4859-9B2B-75BAC7BC2359}
		{DF096E15-AA81-4FFD-B360-2B12E812BF26} = {BEE08292-7C95-44EC-B228-44ED81C09610}
		{87F3A725-6AF4-41F7-AA58-CACD9E23D6D9} = {BEE08292-7C95-44EC-B228-44ED81C09610}
		{2F1AE477-5B19-4E8D-A70E-B1B74F57560C} = {BEE08292-7C95-44EC-B228-44ED81C09610}
		{6810DE78-7764-4C8C-ADA7-E7D31AE6C259} = {353CE3AB-3D8F-4859-9B2B-75BAC7BC2359}
		{BB3EDC45-39BC-44EE-9DEF-B56B54D9572F} = {CB237D59-2840-48EB-888F-965EDB20E868}
		{87EF004B-71CC-4747-8943-D1C7AB667550} = {CB237D59-2840-48EB-888F-965EDB20E868}
		{1A07B025-F381-4503-823C-F1885E202D0B} = {CB237D59-2840-48EB-888F-965EDB20E868}
		{88E2E445-0859-4364-BF3D-53CB78DB02C0} = {CB237D59-2840-48EB-888F-965EDB20E868}
		{112DAB1A-27FC-4677-94EE-BFA6B6689D49} = {CB237D59-2840-48EB-888F-965EDB20E868}
		{DAF8FFC9-D90C-4F1D-B361-85A4D1AA726D} = {CB237D59-2840-48EB-888F-965EDB20E868}
		{897591CD-CEC3-42B6-9207-0A23E92C0E5A} = {CB237D59-2840-48EB-888F-965EDB20E868}
		{8AAF26AD-B969-437F-8EA5-D45D2EB07C2B} = {CB237D59-2840-48EB-888F-965EDB20E868}
		{47D435BB-0619-4CDE-93A2-7ACE1FDF47FC} = {CB237D59-2840-48EB-888F-965EDB20E868}
		{90FAED92-075D-48A0-BD9D-601F57637F45} = {CB237D59-2840-48EB-888F-965EDB20E868}
		{94C18A12-1467-45DC-9F68-8F8C1C9FFCE5} = {CB237D59-2840-48EB-888F-965EDB20E868}
		{942A82B6-C939-4C63-903C-4E55C73DFA63} = {CB237D59-2840-48EB-888F-965EDB20E868}
		{F54A9D39-6597-4816-A150-C93C5D5E8530} = {CB237D59-2840-48EB-888F-965EDB20E868}
		{4DA52BA5-FF51-473D-96AE-7A9FF32E5CA0} = {CB237D59-2840-48EB-888F-965EDB20E868}
		{C5D22AE1-27EB-40C0-B483-D583EF036CD6} = {CB237D59-2840-48EB-888F-965EDB20E868}
		{FC0DCE57-DE47-494B-9CA8-FE2756C300D9} = {CB237D59-2840-48EB-888F-965EDB20E868}
		{FF1AA9A2-D928-4F56-B49F-11FD1D632D22} = {CB237D59-2840-48EB-888F-965EDB20E868}
		{3D13BF57-9E23-4102-A0E1-49579900BA67} = {CB237D59-2840-48EB-888F-965EDB20E868}
		{3E97D5D7-FF09-42E8-8029-5446AC442A23} = {CB237D59-2840-48EB-888F-965EDB20E868}
		{1F63C4EB-40DC-4837-AB6D-11A5D777D054} = {CB237D59-2840-48EB-888F-965EDB20E868}
		{54E36986-D3B2-45AD-949D-AF58EF41852B} = {CB237D59-2840-48EB-888F-965EDB20E868}
		{7D52CCA1-5FC3-4EF5-820A-9B8982DBE928} = {CB237D59-2840-48EB-888F-965EDB20E868}
		{CB237D59-2840-48EB-888F-965EDB20E868} = {4AD70E1B-FC00-4433-BDC0-D366B1E0FCCC}
	EndGlobalSection
	GlobalSection(ExtensibilityGlobals) = postSolution
		SolutionGuid = {1CA293D8-FC78-4BF1-BA73-543451A6B7AB}
	EndGlobalSection
	GlobalSection(Performance) = preSolution
		HasPerformanceSessions = true
	EndGlobalSection
EndGlobal
